
Microsoft Visual Studio Solution File, Format Version 12.00
# Visual Studio 15
VisualStudioVersion = 15.0.27703.2042
MinimumVisualStudioVersion = 10.0.40219.1
Project("{FAE04EC0-301F-11D3-BF4B-00C04F79EFBC}") = "DosyaOkuma", "DosyaOkuma\DosyaOkuma.csproj", "{F963423C-E8B0-4295-9A1A-2861EBD41EE4}"
EndProject
Global
	GlobalSection(SolutionConfigurationPlatforms) = preSolution
		Debug|Any CPU = Debug|Any CPU
		Release|Any CPU = Release|Any CPU
	EndGlobalSection
	GlobalSection(ProjectConfigurationPlatforms) = postSolution
		{F963423C-E8B0-4295-9A1A-2861EBD41EE4}.Debug|Any CPU.ActiveCfg = Debug|Any CPU
		{F963423C-E8B0-4295-9A1A-2861EBD41EE4}.Debug|Any CPU.Build.0 = Debug|Any CPU
		{F963423C-E8B0-4295-9A1A-2861EBD41EE4}.Release|Any CPU.ActiveCfg = Release|Any CPU
		{F963423C-E8B0-4295-9A1A-2861EBD41EE4}.Release|Any CPU.Build.0 = Release|Any CPU
	EndGlobalSection
	GlobalSection(SolutionProperties) = preSolution
		HideSolutionNode = FALSE
	EndGlobalSection
	GlobalSection(ExtensibilityGlobals) = postSolution
		SolutionGuid = {D199D079-797A-46F4-B198-56EA5C3EF838}
	EndGlobalSection
EndGlobal
