
Microsoft Visual Studio Solution File, Format Version 12.00
# Visual Studio 15
VisualStudioVersion = 15.0.27703.2042
MinimumVisualStudioVersion = 10.0.40219.1
Project("{FAE04EC0-301F-11D3-BF4B-00C04F79EFBC}") = "E-Ticaret", "E-Ticaret\E-Ticaret.csproj", "{1774E889-9BE8-48EC-8FAE-F09B8B32D770}"
EndProject
Global
	GlobalSection(SolutionConfigurationPlatforms) = preSolution
		Debug|Any CPU = Debug|Any CPU
		Release|Any CPU = Release|Any CPU
	EndGlobalSection
	GlobalSection(ProjectConfigurationPlatforms) = postSolution
		{1774E889-9BE8-48EC-8FAE-F09B8B32D770}.Debug|Any CPU.ActiveCfg = Debug|Any CPU
		{1774E889-9BE8-48EC-8FAE-F09B8B32D770}.Debug|Any CPU.Build.0 = Debug|Any CPU
		{1774E889-9BE8-48EC-8FAE-F09B8B32D770}.Release|Any CPU.ActiveCfg = Release|Any CPU
		{1774E889-9BE8-48EC-8FAE-F09B8B32D770}.Release|Any CPU.Build.0 = Release|Any CPU
	EndGlobalSection
	GlobalSection(SolutionProperties) = preSolution
		HideSolutionNode = FALSE
	EndGlobalSection
	GlobalSection(ExtensibilityGlobals) = postSolution
		SolutionGuid = {65909D5C-4703-436E-ADB2-217111F5057C}
	EndGlobalSection
EndGlobal
